
Microsoft Visual Studio Solution File, Format Version 12.00
# Visual Studio Version 16
VisualStudioVersion = 16.0.32929.386
MinimumVisualStudioVersion = 10.0.40219.1
Project("{FAE04EC0-301F-11D3-BF4B-00C04F79EFBC}") = "ATM Project", "ATM Project\ATM Project.csproj", "{A583DA77-2BA8-449F-A214-6565B7B64CF6}"
EndProject
Global
	GlobalSection(SolutionConfigurationPlatforms) = preSolution
		Debug|Any CPU = Debug|Any CPU
		Release|Any CPU = Release|Any CPU
	EndGlobalSection
	GlobalSection(ProjectConfigurationPlatforms) = postSolution
		{A583DA77-2BA8-449F-A214-6565B7B64CF6}.Debug|Any CPU.ActiveCfg = Debug|Any CPU
		{A583DA77-2BA8-449F-A214-6565B7B64CF6}.Debug|Any CPU.Build.0 = Debug|Any CPU
		{A583DA77-2BA8-449F-A214-6565B7B64CF6}.Release|Any CPU.ActiveCfg = Release|Any CPU
		{A583DA77-2BA8-449F-A214-6565B7B64CF6}.Release|Any CPU.Build.0 = Release|Any CPU
	EndGlobalSection
	GlobalSection(SolutionProperties) = preSolution
		HideSolutionNode = FALSE
	EndGlobalSection
	GlobalSection(ExtensibilityGlobals) = postSolution
		SolutionGuid = {D789B76F-956F-4545-B1AC-F59218AAA60A}
	EndGlobalSection
EndGlobal
